Microsoft Visual Studio Solution File, Format Version 12.00
# Visual Studio Version 17
VisualStudioVersion = 17.5.2.0
MinimumVisualStudioVersion = 10.0.40219.1
Project("{FAE04EC0-301F-11D3-BF4B-00C04F79EFBC}") = "CsvHw", "CsvHw.csproj", "{6F072971-0AAC-AEBA-5305-5D4F5BA0AB23}"
EndProject
Global
	GlobalSection(SolutionConfigurationPlatforms) = preSolution
		Debug|Any CPU = Debug|Any CPU
		Release|Any CPU = Release|Any CPU
	EndGlobalSection
	GlobalSection(ProjectConfigurationPlatforms) = postSolution
		{6F072971-0AAC-AEBA-5305-5D4F5BA0AB23}.Debug|Any CPU.ActiveCfg = Debug|Any CPU
		{6F072971-0AAC-AEBA-5305-5D4F5BA0AB23}.Debug|Any CPU.Build.0 = Debug|Any CPU
		{6F072971-0AAC-AEBA-5305-5D4F5BA0AB23}.Release|Any CPU.ActiveCfg = Release|Any CPU
		{6F072971-0AAC-AEBA-5305-5D4F5BA0AB23}.Release|Any CPU.Build.0 = Release|Any CPU
	EndGlobalSection
	GlobalSection(SolutionProperties) = preSolution
		HideSolutionNode = FALSE
	EndGlobalSection
	GlobalSection(ExtensibilityGlobals) = postSolution
		SolutionGuid = {CB855E7E-2088-4E99-B40A-0D30869C3316}
	EndGlobalSection
EndGlobal
